// !$*UTF8*$!
{
	archiveVersion = 1;
	classes = {
	};
	objectVersion = 46;
	objects = {

/* Begin PBXBuildFile section */
		270B839F1C211FB700E14504 /* libmpi_cxx.1.dylib in Frameworks */ = {isa = PBXBuildFile; fileRef = 270B839B1C211F1000E14504 /* libmpi_cxx.1.dylib */; };
		270B83A01C211FB700E14504 /* libmpi.12.dylib in Frameworks */ = {isa = PBXBuildFile; fileRef = 270B839C1C211F1000E14504 /* libmpi.12.dylib */; };
		270B83A41C21359300E14504 /* makefile in Sources */ = {isa = PBXBuildFile; fileRef = 270B83A31C21359300E14504 /* makefile */; };
		27132F401C21181000930207 /* main.c in Sources */ = {isa = PBXBuildFile; fileRef = 27132F3F1C21181000930207 /* main.c */; };
		A25C5BD61C251EA90085DA45 /* libmpi_cxx.1.dylib in Frameworks */ = {isa = PBXBuildFile; fileRef = A25C5BD41C251EA90085DA45 /* libmpi_cxx.1.dylib */; };
		A25C5BD71C251EA90085DA45 /* libmpi.12.dylib in Frameworks */ = {isa = PBXBuildFile; fileRef = A25C5BD51C251EA90085DA45 /* libmpi.12.dylib */; };
/* End PBXBuildFile section */

/* Begin PBXCopyFilesBuildPhase section */
		27132F3A1C21181000930207 /* CopyFiles */ = {
			isa = PBXCopyFilesBuildPhase;
			buildActionMask = 2147483647;
			dstPath = /usr/share/man/man1/;
			dstSubfolderSpec = 0;
			files = (
			);
			runOnlyForDeploymentPostprocessing = 1;
		};
/* End PBXCopyFilesBuildPhase section */

/* Begin PBXFileReference section */
		270B83991C211ED500E14504 /* lib */ = {isa = PBXFileReference; lastKnownFileType = folder; name = lib; path = ../../../../../../../../../usr/local/lib; sourceTree = "<group>"; };
		270B839B1C211F1000E14504 /* libmpi_cxx.1.dylib */ = {isa = PBXFileReference; lastKnownFileType = "compiled.mach-o.dylib"; name = libmpi_cxx.1.dylib; path = "../../../../../../../../../usr/local/Cellar/open-mpi/1.10.1/lib/libmpi_cxx.1.dylib"; sourceTree = "<group>"; };
		270B839C1C211F1000E14504 /* libmpi.12.dylib */ = {isa = PBXFileReference; lastKnownFileType = "compiled.mach-o.dylib"; name = libmpi.12.dylib; path = "../../../../../../../../../usr/local/Cellar/open-mpi/1.10.1/lib/libmpi.12.dylib"; sourceTree = "<group>"; };
		270B83A31C21359300E14504 /* makefile */ = {isa = PBXFileReference; fileEncoding = 4; lastKnownFileType = sourcecode.make; name = makefile; path = "Lab 3 - MPI Reduce & Broadcast/makefile"; sourceTree = "<group>"; };
		27132F3C1C21181000930207 /* Lab 3 - MPI Reduce & Broadcast */ = {isa = PBXFileReference; explicitFileType = "compiled.mach-o.executable"; includeInIndex = 0; path = "Lab 3 - MPI Reduce & Broadcast"; sourceTree = BUILT_PRODUCTS_DIR; };
		27132F3F1C21181000930207 /* main.c */ = {isa = PBXFileReference; lastKnownFileType = sourcecode.c.c; path = main.c; sourceTree = "<group>"; };
		A25C5BD41C251EA90085DA45 /* libmpi_cxx.1.dylib */ = {isa = PBXFileReference; lastKnownFileType = "compiled.mach-o.dylib"; name = libmpi_cxx.1.dylib; path = "../../../../usr/local/Cellar/open-mpi/1.10.1_1/lib/libmpi_cxx.1.dylib"; sourceTree = "<group>"; };
		A25C5BD51C251EA90085DA45 /* libmpi.12.dylib */ = {isa = PBXFileReference; lastKnownFileType = "compiled.mach-o.dylib"; name = libmpi.12.dylib; path = "../../../../usr/local/Cellar/open-mpi/1.10.1_1/lib/libmpi.12.dylib"; sourceTree = "<group>"; };
/* End PBXFileReference section */

/* Begin PBXFrameworksBuildPhase section */
		27132F391C21181000930207 /* Frameworks */ = {
			isa = PBXFrameworksBuildPhase;
			buildActionMask = 2147483647;
			files = (
				270B839F1C211FB700E14504 /* libmpi_cxx.1.dylib in Frameworks */,
				270B83A01C211FB700E14504 /* libmpi.12.dylib in Frameworks */,
			);
			runOnlyForDeploymentPostprocessing = 0;
		};
/* End PBXFrameworksBuildPhase section */

/* Begin PBXGroup section */
		27132F331C21181000930207 = {
			isa = PBXGroup;
			children = (
				270B839B1C211F1000E14504 /* libmpi_cxx.1.dylib */,
				270B839C1C211F1000E14504 /* libmpi.12.dylib */,
				270B83991C211ED500E14504 /* lib */,
				27132F3E1C21181000930207 /* Lab 3 - MPI Reduce & Broadcast */,
				27132F3D1C21181000930207 /* Products */,
				270B83A31C21359300E14504 /* makefile */,
			);
			sourceTree = "<group>";
		};
		27132F3D1C21181000930207 /* Products */ = {
			isa = PBXGroup;
			children = (
				27132F3C1C21181000930207 /* Lab 3 - MPI Reduce & Broadcast */,
			);
			name = Products;
			sourceTree = "<group>";
		};
		27132F3E1C21181000930207 /* Lab 3 - MPI Reduce & Broadcast */ = {
			isa = PBXGroup;
			children = (
				27132F3F1C21181000930207 /* main.c */,
			);
			path = "Lab 3 - MPI Reduce & Broadcast";
			sourceTree = "<group>";
		};
/* End PBXGroup section */

/* Begin PBXNativeTarget section */
		27132F3B1C21181000930207 /* Lab 3 - MPI Reduce & Broadcast */ = {
			isa = PBXNativeTarget;
			buildConfigurationList = 27132F431C21181000930207 /* Build configuration list for PBXNativeTarget "Lab 3 - MPI Reduce & Broadcast" */;
			buildPhases = (
				27132F381C21181000930207 /* Sources */,
				27132F391C21181000930207 /* Frameworks */,
				27132F3A1C21181000930207 /* CopyFiles */,
			);
			buildRules = (
			);
			dependencies = (
			);
			name = "Lab 3 - MPI Reduce & Broadcast";
			productName = "Lab 3 - MPI Reduce & Broadcast";
			productReference = 27132F3C1C21181000930207 /* Lab 3 - MPI Reduce & Broadcast */;
			productType = "com.apple.product-type.tool";
		};
/* End PBXNativeTarget section */

/* Begin PBXProject section */
		27132F341C21181000930207 /* Project object */ = {
			isa = PBXProject;
			attributes = {
				LastUpgradeCheck = 0720;
				ORGANIZATIONNAME = "Kyle Pontius";
				TargetAttributes = {
					27132F3B1C21181000930207 = {
						CreatedOnToolsVersion = 7.2;
					};
				};
			};
			buildConfigurationList = 27132F371C21181000930207 /* Build configuration list for PBXProject "Lab 3 - MPI Reduce & Broadcast" */;
			compatibilityVersion = "Xcode 3.2";
			developmentRegion = English;
			hasScannedForEncodings = 0;
			knownRegions = (
				en,
			);
			mainGroup = 27132F331C21181000930207;
			productRefGroup = 27132F3D1C21181000930207 /* Products */;
			projectDirPath = "";
			projectRoot = "";
			targets = (
				27132F3B1C21181000930207 /* Lab 3 - MPI Reduce & Broadcast */,
			);
		};
/* End PBXProject section */

/* Begin PBXSourcesBuildPhase section */
		27132F381C21181000930207 /* Sources */ = {
			isa = PBXSourcesBuildPhase;
			buildActionMask = 2147483647;
			files = (
				27132F401C21181000930207 /* main.c in Sources */,
				270B83A41C21359300E14504 /* makefile in Sources */,
			);
			runOnlyForDeploymentPostprocessing = 0;
		};
/* End PBXSourcesBuildPhase section */

/* Begin XCBuildConfiguration section */
		27132F411C21181000930207 /* Debug */ = {
			isa = XCBuildConfiguration;
			buildSettings = {
				ALWAYS_SEARCH_USER_PATHS = NO;
				CLANG_CXX_LANGUAGE_STANDARD = "gnu++0x";
				CLANG_CXX_LIBRARY = "libc++";
				CLANG_ENABLE_MODULES = YES;
				CLANG_ENABLE_OBJC_ARC = YES;
				CLANG_WARN_BOOL_CONVERSION = YES;
				CLANG_WARN_CONSTANT_CONVERSION = YES;
				CLANG_WARN_DIRECT_OBJC_ISA_USAGE = YES_ERROR;
				CLANG_WARN_EMPTY_BODY = YES;
				CLANG_WARN_ENUM_CONVERSION = YES;
				CLANG_WARN_INT_CONVERSION = YES;
				CLANG_WARN_OBJC_ROOT_CLASS = YES_ERROR;
				CLANG_WARN_UNREACHABLE_CODE = YES;
				CLANG_WARN__DUPLICATE_METHOD_MATCH = YES;
				CODE_SIGN_IDENTITY = "-";
				COPY_PHASE_STRIP = NO;
				DEBUG_INFORMATION_FORMAT = dwarf;
				ENABLE_STRICT_OBJC_MSGSEND = YES;
				ENABLE_TESTABILITY = YES;
				GCC_C_LANGUAGE_STANDARD = gnu99;
				GCC_DYNAMIC_NO_PIC = NO;
				GCC_NO_COMMON_BLOCKS = YES;
				GCC_OPTIMIZATION_LEVEL = 0;
				GCC_PREPROCESSOR_DEFINITIONS = (
					"DEBUG=1",
					"$(inherited)",
				);
				GCC_WARN_64_TO_32_BIT_CONVERSION = YES;
				GCC_WARN_ABOUT_RETURN_TYPE = YES_ERROR;
				GCC_WARN_UNDECLARED_SELECTOR = YES;
				GCC_WARN_UNINITIALIZED_AUTOS = YES_AGGRESSIVE;
				GCC_WARN_UNUSED_FUNCTION = YES;
				GCC_WARN_UNUSED_VARIABLE = YES;
				MACOSX_DEPLOYMENT_TARGET = 10.11;
				MTL_ENABLE_DEBUG_INFO = YES;
				ONLY_ACTIVE_ARCH = YES;
				SDKROOT = macosx;
			};
			name = Debug;
		};
		27132F421C21181000930207 /* Release */ = {
			isa = XCBuildConfiguration;
			buildSettings = {
				ALWAYS_SEARCH_USER_PATHS = NO;
				CLANG_CXX_LANGUAGE_STANDARD = "gnu++0x";
				CLANG_CXX_LIBRARY = "libc++";
				CLANG_ENABLE_MODULES = YES;
				CLANG_ENABLE_OBJC_ARC = YES;
				CLANG_WARN_BOOL_CONVERSION = YES;
				CLANG_WARN_CONSTANT_CONVERSION = YES;
				CLANG_WARN_DIRECT_OBJC_ISA_USAGE = YES_ERROR;
				CLANG_WARN_EMPTY_BODY = YES;
				CLANG_WARN_ENUM_CONVERSION = YES;
				CLANG_WARN_INT_CONVERSION = YES;
				CLANG_WARN_OBJC_ROOT_CLASS = YES_ERROR;
				CLANG_WARN_UNREACHABLE_CODE = YES;
				CLANG_WARN__DUPLICATE_METHOD_MATCH = YES;
				CODE_SIGN_IDENTITY = "-";
				COPY_PHASE_STRIP = NO;
				DEBUG_INFORMATION_FORMAT = "dwarf-with-dsym";
				ENABLE_NS_ASSERTIONS = NO;
				ENABLE_STRICT_OBJC_MSGSEND = YES;
				GCC_C_LANGUAGE_STANDARD = gnu99;
				GCC_NO_COMMON_BLOCKS = YES;
				GCC_WARN_64_TO_32_BIT_CONVERSION = YES;
				GCC_WARN_ABOUT_RETURN_TYPE = YES_ERROR;
				GCC_WARN_UNDECLARED_SELECTOR = YES;
				GCC_WARN_UNINITIALIZED_AUTOS = YES_AGGRESSIVE;
				GCC_WARN_UNUSED_FUNCTION = YES;
				GCC_WARN_UNUSED_VARIABLE = YES;
				MACOSX_DEPLOYMENT_TARGET = 10.11;
				MTL_ENABLE_DEBUG_INFO = NO;
				SDKROOT = macosx;
			};
			name = Release;
		};
		27132F441C21181000930207 /* Debug */ = {
			isa = XCBuildConfiguration;
			buildSettings = {
				LIBRARY_SEARCH_PATHS = /usr/local/lib;
				PRODUCT_NAME = "$(TARGET_NAME)";
				USER_HEADER_SEARCH_PATHS = /usr/local/include;
			};
			name = Debug;
		};
		27132F451C21181000930207 /* Release */ = {
			isa = XCBuildConfiguration;
			buildSettings = {
				LIBRARY_SEARCH_PATHS = /usr/local/lib;
				PRODUCT_NAME = "$(TARGET_NAME)";
				USER_HEADER_SEARCH_PATHS = /usr/local/include;
			};
			name = Release;
		};
/* End XCBuildConfiguration section */

/* Begin XCConfigurationList section */
		27132F371C21181000930207 /* Build configuration list for PBXProject "Lab 3 - MPI Reduce & Broadcast" */ = {
			isa = XCConfigurationList;
			buildConfigurations = (
				27132F411C21181000930207 /* Debug */,
				27132F421C21181000930207 /* Release */,
			);
			defaultConfigurationIsVisible = 0;
			defaultConfigurationName = Release;
		};
		27132F431C21181000930207 /* Build configuration list for PBXNativeTarget "Lab 3 - MPI Reduce & Broadcast" */ = {
			isa = XCConfigurationList;
			buildConfigurations = (
				27132F441C21181000930207 /* Debug */,
				27132F451C21181000930207 /* Release */,
			);
			defaultConfigurationIsVisible = 0;
			defaultConfigurationName = Release;
		};
/* End XCConfigurationList section */
	};
	rootObject = 27132F341C21181000930207 /* Project object */;
}
